
Microsoft Visual Studio Solution File, Format Version 12.00
# Visual Studio Version 17
VisualStudioVersion = 17.4.33205.214
MinimumVisualStudioVersion = 10.0.40219.1
Project("{9A19103F-16F7-4668-BE54-9A1E7A4F7556}") = "API", "API\API.csproj", "{A87623CB-8DA9-416D-8C3E-FFD81FB5448F}"
EndProject
Project("{9A19103F-16F7-4668-BE54-9A1E7A4F7556}") = "Core", "Core\Core.csproj", "{59AF50D7-7F2E-4798-A2AC-3A716E1C0893}"
EndProject
Project("{9A19103F-16F7-4668-BE54-9A1E7A4F7556}") = "Infrastructure", "Infrastructure\Infrastructure.csproj", "{C234EC74-02D1-435E-8CBC-9B51CDDB956B}"
EndProject
Global
	GlobalSection(SolutionConfigurationPlatforms) = preSolution
		Debug|Any CPU = Debug|Any CPU
		Release|Any CPU = Release|Any CPU
	EndGlobalSection
	GlobalSection(ProjectConfigurationPlatforms) = postSolution
		{A87623CB-8DA9-416D-8C3E-FFD81FB5448F}.Debug|Any CPU.ActiveCfg = Debug|Any CPU
		{A87623CB-8DA9-416D-8C3E-FFD81FB5448F}.Debug|Any CPU.Build.0 = Debug|Any CPU
		{A87623CB-8DA9-416D-8C3E-FFD81FB5448F}.Release|Any CPU.ActiveCfg = Release|Any CPU
		{A87623CB-8DA9-416D-8C3E-FFD81FB5448F}.Release|Any CPU.Build.0 = Release|Any CPU
		{59AF50D7-7F2E-4798-A2AC-3A716E1C0893}.Debug|Any CPU.ActiveCfg = Debug|Any CPU
		{59AF50D7-7F2E-4798-A2AC-3A716E1C0893}.Debug|Any CPU.Build.0 = Debug|Any CPU
		{59AF50D7-7F2E-4798-A2AC-3A716E1C0893}.Release|Any CPU.ActiveCfg = Release|Any CPU
		{59AF50D7-7F2E-4798-A2AC-3A716E1C0893}.Release|Any CPU.Build.0 = Release|Any CPU
		{C234EC74-02D1-435E-8CBC-9B51CDDB956B}.Debug|Any CPU.ActiveCfg = Debug|Any CPU
		{C234EC74-02D1-435E-8CBC-9B51CDDB956B}.Debug|Any CPU.Build.0 = Debug|Any CPU
		{C234EC74-02D1-435E-8CBC-9B51CDDB956B}.Release|Any CPU.ActiveCfg = Release|Any CPU
		{C234EC74-02D1-435E-8CBC-9B51CDDB956B}.Release|Any CPU.Build.0 = Release|Any CPU
	EndGlobalSection
	GlobalSection(SolutionProperties) = preSolution
		HideSolutionNode = FALSE
	EndGlobalSection
	GlobalSection(ExtensibilityGlobals) = postSolution
		SolutionGuid = {AA326764-3E71-47D2-AA05-A55B11FC049C}
	EndGlobalSection
EndGlobal
